
Microsoft Visual Studio Solution File, Format Version 12.00
# Visual Studio 14
VisualStudioVersion = 14.0.25420.1
MinimumVisualStudioVersion = 10.0.40219.1
Project("{2150E333-8FDC-42A3-9474-1A3956D46DE8}") = "src", "src", "{35D9A020-3753-4B3B-9E57-6D37980F4C54}"
EndProject
Project("{2150E333-8FDC-42A3-9474-1A3956D46DE8}") = "Solution Items", "Solution Items", "{BE320B8E-44D4-497E-BD1B-0AEAA3CFA8AD}"
	ProjectSection(SolutionItems) = preProject
		global.json = global.json
	EndProjectSection
EndProject
Project("{8BB2217D-0F2D-49D1-97BC-3654ED321F3B}") = "MVCWebApp", "src\MVCWebApp\MVCWebApp.xproj", "{FC0DA554-1230-43A0-8B8C-3E1E0553F46A}"
EndProject
Global
	GlobalSection(SolutionConfigurationPlatforms) = preSolution
		Debug|Any CPU = Debug|Any CPU
		Release|Any CPU = Release|Any CPU
	EndGlobalSection
	GlobalSection(ProjectConfigurationPlatforms) = postSolution
		{FC0DA554-1230-43A0-8B8C-3E1E0553F46A}.Debug|Any CPU.ActiveCfg = Debug|Any CPU
		{FC0DA554-1230-43A0-8B8C-3E1E0553F46A}.Debug|Any CPU.Build.0 = Debug|Any CPU
		{FC0DA554-1230-43A0-8B8C-3E1E0553F46A}.Release|Any CPU.ActiveCfg = Release|Any CPU
		{FC0DA554-1230-43A0-8B8C-3E1E0553F46A}.Release|Any CPU.Build.0 = Release|Any CPU
	EndGlobalSection
	GlobalSection(SolutionProperties) = preSolution
		HideSolutionNode = FALSE
	EndGlobalSection
	GlobalSection(NestedProjects) = preSolution
		{FC0DA554-1230-43A0-8B8C-3E1E0553F46A} = {35D9A020-3753-4B3B-9E57-6D37980F4C54}
	EndGlobalSection
EndGlobal
